// !$*UTF8*$!
{
	archiveVersion = 1;
	classes = {
	};
	objectVersion = 50;
	objects = {

/* Begin PBXBuildFile section */
		1E290C5322DB55B80011DA85 /* AppDelegate.swift in Sources */ = {isa = PBXBuildFile; fileRef = 1E290C5222DB55B80011DA85 /* AppDelegate.swift */; };
		1E290C5522DB55B80011DA85 /* ViewController.swift in Sources */ = {isa = PBXBuildFile; fileRef = 1E290C5422DB55B80011DA85 /* ViewController.swift */; };
		1E290C5822DB55B80011DA85 /* Main.storyboard in Resources */ = {isa = PBXBuildFile; fileRef = 1E290C5622DB55B80011DA85 /* Main.storyboard */; };
		1E290C5A22DB55B90011DA85 /* Assets.xcassets in Resources */ = {isa = PBXBuildFile; fileRef = 1E290C5922DB55B90011DA85 /* Assets.xcassets */; };
		1E290C5D22DB55B90011DA85 /* LaunchScreen.storyboard in Resources */ = {isa = PBXBuildFile; fileRef = 1E290C5B22DB55B90011DA85 /* LaunchScreen.storyboard */; };
		1E290C8922DB59490011DA85 /* SF-Compact-Rounded-Medium.otf in Resources */ = {isa = PBXBuildFile; fileRef = 1E290C6522DB59490011DA85 /* SF-Compact-Rounded-Medium.otf */; };
		1E290C8A22DB59490011DA85 /* SF-Compact-Rounded-Heavy.otf in Resources */ = {isa = PBXBuildFile; fileRef = 1E290C6622DB59490011DA85 /* SF-Compact-Rounded-Heavy.otf */; };
		1E290C8B22DB59490011DA85 /* SF-Compact-Text-Black.otf in Resources */ = {isa = PBXBuildFile; fileRef = 1E290C6722DB59490011DA85 /* SF-Compact-Text-Black.otf */; };
		1E290C8C22DB59490011DA85 /* SF-Compact-Text-Semibold.otf in Resources */ = {isa = PBXBuildFile; fileRef = 1E290C6822DB59490011DA85 /* SF-Compact-Text-Semibold.otf */; };
		1E290C8D22DB59490011DA85 /* SF-Compact-Display-Black.otf in Resources */ = {isa = PBXBuildFile; fileRef = 1E290C6922DB59490011DA85 /* SF-Compact-Display-Black.otf */; };
		1E290C8E22DB59490011DA85 /* SF-Compact-Text-UltralightItalic.otf in Resources */ = {isa = PBXBuildFile; fileRef = 1E290C6A22DB59490011DA85 /* SF-Compact-Text-UltralightItalic.otf */; };
		1E290C8F22DB59490011DA85 /* SF-Compact-Display-Semibold.otf in Resources */ = {isa = PBXBuildFile; fileRef = 1E290C6B22DB59490011DA85 /* SF-Compact-Display-Semibold.otf */; };
		1E290C9022DB59490011DA85 /* SF-Compact-Display-Ultralight.otf in Resources */ = {isa = PBXBuildFile; fileRef = 1E290C6C22DB59490011DA85 /* SF-Compact-Display-Ultralight.otf */; };
		1E290C9122DB59490011DA85 /* SF-Compact-Text-Thin.otf in Resources */ = {isa = PBXBuildFile; fileRef = 1E290C6D22DB59490011DA85 /* SF-Compact-Text-Thin.otf */; };
		1E290C9222DB59490011DA85 /* SF-Compact-Text-RegularItalic.otf in Resources */ = {isa = PBXBuildFile; fileRef = 1E290C6E22DB59490011DA85 /* SF-Compact-Text-RegularItalic.otf */; };
		1E290C9322DB59490011DA85 /* SF-Compact-Display-Bold.otf in Resources */ = {isa = PBXBuildFile; fileRef = 1E290C6F22DB59490011DA85 /* SF-Compact-Display-Bold.otf */; };
		1E290C9422DB59490011DA85 /* SF-Compact-Display-Thin.otf in Resources */ = {isa = PBXBuildFile; fileRef = 1E290C7022DB59490011DA85 /* SF-Compact-Display-Thin.otf */; };
		1E290C9522DB59490011DA85 /* SF-Compact-Rounded-Light.otf in Resources */ = {isa = PBXBuildFile; fileRef = 1E290C7122DB59490011DA85 /* SF-Compact-Rounded-Light.otf */; };
		1E290C9622DB59490011DA85 /* SF-Compact-Rounded-Regular.otf in Resources */ = {isa = PBXBuildFile; fileRef = 1E290C7222DB59490011DA85 /* SF-Compact-Rounded-Regular.otf */; };
		1E290C9722DB59490011DA85 /* SF-Compact-Rounded-Ultralight.otf in Resources */ = {isa = PBXBuildFile; fileRef = 1E290C7322DB59490011DA85 /* SF-Compact-Rounded-Ultralight.otf */; };
		1E290C9822DB59490011DA85 /* SF-Compact-Display-Regular.otf in Resources */ = {isa = PBXBuildFile; fileRef = 1E290C7422DB59490011DA85 /* SF-Compact-Display-Regular.otf */; };
		1E290C9922DB59490011DA85 /* SF-Compact-Text-Bold.otf in Resources */ = {isa = PBXBuildFile; fileRef = 1E290C7522DB59490011DA85 /* SF-Compact-Text-Bold.otf */; };
		1E290C9A22DB59490011DA85 /* SF-Compact-Rounded-Semibold.otf in Resources */ = {isa = PBXBuildFile; fileRef = 1E290C7622DB59490011DA85 /* SF-Compact-Rounded-Semibold.otf */; };
		1E290C9B22DB59490011DA85 /* SF-Compact-Text-BoldItalic.otf in Resources */ = {isa = PBXBuildFile; fileRef = 1E290C7722DB59490011DA85 /* SF-Compact-Text-BoldItalic.otf */; };
		1E290C9C22DB59490011DA85 /* SF-Compact-Rounded-Black.otf in Resources */ = {isa = PBXBuildFile; fileRef = 1E290C7822DB59490011DA85 /* SF-Compact-Rounded-Black.otf */; };
		1E290C9D22DB59490011DA85 /* SF-Compact-Display-Medium.otf in Resources */ = {isa = PBXBuildFile; fileRef = 1E290C7922DB59490011DA85 /* SF-Compact-Display-Medium.otf */; };
		1E290C9E22DB59490011DA85 /* SF-Compact-Text-Heavy.otf in Resources */ = {isa = PBXBuildFile; fileRef = 1E290C7A22DB59490011DA85 /* SF-Compact-Text-Heavy.otf */; };
		1E290C9F22DB59490011DA85 /* SF-Compact-Text-ThinItalic.otf in Resources */ = {isa = PBXBuildFile; fileRef = 1E290C7B22DB59490011DA85 /* SF-Compact-Text-ThinItalic.otf */; };
		1E290CA022DB59490011DA85 /* SF-Compact-Rounded-Bold.otf in Resources */ = {isa = PBXBuildFile; fileRef = 1E290C7C22DB59490011DA85 /* SF-Compact-Rounded-Bold.otf */; };
		1E290CA122DB59490011DA85 /* SF-Compact-Display-Heavy.otf in Resources */ = {isa = PBXBuildFile; fileRef = 1E290C7D22DB59490011DA85 /* SF-Compact-Display-Heavy.otf */; };
		1E290CA222DB59490011DA85 /* SF-Compact-Rounded-Thin.otf in Resources */ = {isa = PBXBuildFile; fileRef = 1E290C7E22DB59490011DA85 /* SF-Compact-Rounded-Thin.otf */; };
		1E290CA322DB59490011DA85 /* SF-Compact-Text-LightItalic.otf in Resources */ = {isa = PBXBuildFile; fileRef = 1E290C7F22DB59490011DA85 /* SF-Compact-Text-LightItalic.otf */; };
		1E290CA422DB59490011DA85 /* SF-Compact-Text-HeavyItalic.otf in Resources */ = {isa = PBXBuildFile; fileRef = 1E290C8022DB59490011DA85 /* SF-Compact-Text-HeavyItalic.otf */; };
		1E290CA522DB59490011DA85 /* SF-Compact-Text-MediumItalic.otf in Resources */ = {isa = PBXBuildFile; fileRef = 1E290C8122DB59490011DA85 /* SF-Compact-Text-MediumItalic.otf */; };
		1E290CA622DB59490011DA85 /* SF-Compact-Text-Ultralight.otf in Resources */ = {isa = PBXBuildFile; fileRef = 1E290C8222DB59490011DA85 /* SF-Compact-Text-Ultralight.otf */; };
		1E290CA722DB59490011DA85 /* SF-Compact-Text-BlackItalic.otf in Resources */ = {isa = PBXBuildFile; fileRef = 1E290C8322DB59490011DA85 /* SF-Compact-Text-BlackItalic.otf */; };
		1E290CA822DB59490011DA85 /* SF-Compact-Display-Light.otf in Resources */ = {isa = PBXBuildFile; fileRef = 1E290C8422DB59490011DA85 /* SF-Compact-Display-Light.otf */; };
		1E290CA922DB59490011DA85 /* SF-Compact-Text-Medium.otf in Resources */ = {isa = PBXBuildFile; fileRef = 1E290C8522DB59490011DA85 /* SF-Compact-Text-Medium.otf */; };
		1E290CAA22DB59490011DA85 /* SF-Compact-Text-SemiboldItalic.otf in Resources */ = {isa = PBXBuildFile; fileRef = 1E290C8622DB59490011DA85 /* SF-Compact-Text-SemiboldItalic.otf */; };
		1E290CAB22DB59490011DA85 /* SF-Compact-Text-Regular.otf in Resources */ = {isa = PBXBuildFile; fileRef = 1E290C8722DB59490011DA85 /* SF-Compact-Text-Regular.otf */; };
		1E290CAC22DB59490011DA85 /* SF-Compact-Text-Light.otf in Resources */ = {isa = PBXBuildFile; fileRef = 1E290C8822DB59490011DA85 /* SF-Compact-Text-Light.otf */; };
		1E290CDB22DB595B0011DA85 /* SF-Pro-Display-Thin.otf in Resources */ = {isa = PBXBuildFile; fileRef = 1E290CAE22DB595B0011DA85 /* SF-Pro-Display-Thin.otf */; };
		1E290CDC22DB595B0011DA85 /* SF-Pro-Display-SemiboldItalic.otf in Resources */ = {isa = PBXBuildFile; fileRef = 1E290CAF22DB595B0011DA85 /* SF-Pro-Display-SemiboldItalic.otf */; };
		1E290CDD22DB595B0011DA85 /* SF-Pro-Text-UltralightItalic.otf in Resources */ = {isa = PBXBuildFile; fileRef = 1E290CB022DB595B0011DA85 /* SF-Pro-Text-UltralightItalic.otf */; };
		1E290CDE22DB595B0011DA85 /* SF-Pro-Text-Heavy.otf in Resources */ = {isa = PBXBuildFile; fileRef = 1E290CB122DB595B0011DA85 /* SF-Pro-Text-Heavy.otf */; };
		1E290CDF22DB595B0011DA85 /* SF-Pro-Display-RegularItalic.otf in Resources */ = {isa = PBXBuildFile; fileRef = 1E290CB222DB595B0011DA85 /* SF-Pro-Display-RegularItalic.otf */; };
		1E290CE022DB595B0011DA85 /* SF-Pro-Display-Light.otf in Resources */ = {isa = PBXBuildFile; fileRef = 1E290CB322DB595B0011DA85 /* SF-Pro-Display-Light.otf */; };
		1E290CE122DB595B0011DA85 /* SF-Pro-Rounded-Semibold.otf in Resources */ = {isa = PBXBuildFile; fileRef = 1E290CB422DB595B0011DA85 /* SF-Pro-Rounded-Semibold.otf */; };
		1E290CE222DB595B0011DA85 /* SF-Pro-Display-Regular.otf in Resources */ = {isa = PBXBuildFile; fileRef = 1E290CB522DB595B0011DA85 /* SF-Pro-Display-Regular.otf */; };
		1E290CE322DB595B0011DA85 /* SF-Pro-Text-MediumItalic.otf in Resources */ = {isa = PBXBuildFile; fileRef = 1E290CB622DB595B0011DA85 /* SF-Pro-Text-MediumItalic.otf */; };
		1E290CE422DB595B0011DA85 /* SF-Pro-Display-Bold.otf in Resources */ = {isa = PBXBuildFile; fileRef = 1E290CB722DB595B0011DA85 /* SF-Pro-Display-Bold.otf */; };
		1E290CE522DB595B0011DA85 /* SF-Pro-Rounded-Regular.otf in Resources */ = {isa = PBXBuildFile; fileRef = 1E290CB822DB595B0011DA85 /* SF-Pro-Rounded-Regular.otf */; };
		1E290CE622DB595B0011DA85 /* SF-Pro-Display-Medium.otf in Resources */ = {isa = PBXBuildFile; fileRef = 1E290CB922DB595B0011DA85 /* SF-Pro-Display-Medium.otf */; };
		1E290CE722DB595B0011DA85 /* SF-Pro-Display-Heavy.otf in Resources */ = {isa = PBXBuildFile; fileRef = 1E290CBA22DB595B0011DA85 /* SF-Pro-Display-Heavy.otf */; };
		1E290CE822DB595B0011DA85 /* SF-Pro-Text-Light.otf in Resources */ = {isa = PBXBuildFile; fileRef = 1E290CBB22DB595B0011DA85 /* SF-Pro-Text-Light.otf */; };
		1E290CE922DB595B0011DA85 /* SF-Pro-Rounded-Black.otf in Resources */ = {isa = PBXBuildFile; fileRef = 1E290CBC22DB595B0011DA85 /* SF-Pro-Rounded-Black.otf */; };
		1E290CEA22DB595B0011DA85 /* SF-Pro-Display-Semibold.otf in Resources */ = {isa = PBXBuildFile; fileRef = 1E290CBD22DB595B0011DA85 /* SF-Pro-Display-Semibold.otf */; };
		1E290CEB22DB595B0011DA85 /* SF-Pro-Text-BlackItalic.otf in Resources */ = {isa = PBXBuildFile; fileRef = 1E290CBE22DB595B0011DA85 /* SF-Pro-Text-BlackItalic.otf */; };
		1E290CEC22DB595B0011DA85 /* SF-Pro-Text-Black.otf in Resources */ = {isa = PBXBuildFile; fileRef = 1E290CBF22DB595B0011DA85 /* SF-Pro-Text-Black.otf */; };
		1E290CED22DB595B0011DA85 /* SF-Pro-Rounded-Light.otf in Resources */ = {isa = PBXBuildFile; fileRef = 1E290CC022DB595B0011DA85 /* SF-Pro-Rounded-Light.otf */; };
		1E290CEE22DB595B0011DA85 /* SF-Pro-Text-Regular.otf in Resources */ = {isa = PBXBuildFile; fileRef = 1E290CC122DB595B0011DA85 /* SF-Pro-Text-Regular.otf */; };
		1E290CEF22DB595B0011DA85 /* SF-Pro-Text-Ultralight.otf in Resources */ = {isa = PBXBuildFile; fileRef = 1E290CC222DB595B0011DA85 /* SF-Pro-Text-Ultralight.otf */; };
		1E290CF022DB595B0011DA85 /* SF-Pro-Text-Bold.otf in Resources */ = {isa = PBXBuildFile; fileRef = 1E290CC322DB595B0011DA85 /* SF-Pro-Text-Bold.otf */; };
		1E290CF122DB595B0011DA85 /* SF-Pro-Text-Thin.otf in Resources */ = {isa = PBXBuildFile; fileRef = 1E290CC422DB595B0011DA85 /* SF-Pro-Text-Thin.otf */; };
		1E290CF222DB595B0011DA85 /* SF-Pro-Display-MediumItalic.otf in Resources */ = {isa = PBXBuildFile; fileRef = 1E290CC522DB595B0011DA85 /* SF-Pro-Display-MediumItalic.otf */; };
		1E290CF322DB595B0011DA85 /* SF-Pro-Display-HeavyItalic.otf in Resources */ = {isa = PBXBuildFile; fileRef = 1E290CC622DB595B0011DA85 /* SF-Pro-Display-HeavyItalic.otf */; };
		1E290CF422DB595B0011DA85 /* SF-Pro-Display-Ultralight.otf in Resources */ = {isa = PBXBuildFile; fileRef = 1E290CC722DB595B0011DA85 /* SF-Pro-Display-Ultralight.otf */; };
		1E290CF522DB595B0011DA85 /* SF-Pro-Display-UltralightItalic.otf in Resources */ = {isa = PBXBuildFile; fileRef = 1E290CC822DB595B0011DA85 /* SF-Pro-Display-UltralightItalic.otf */; };
		1E290CF622DB595B0011DA85 /* SF-Pro-Display-LightItalic.otf in Resources */ = {isa = PBXBuildFile; fileRef = 1E290CC922DB595B0011DA85 /* SF-Pro-Display-LightItalic.otf */; };
		1E290CF722DB595B0011DA85 /* SF-Pro-Rounded-Thin.otf in Resources */ = {isa = PBXBuildFile; fileRef = 1E290CCA22DB595B0011DA85 /* SF-Pro-Rounded-Thin.otf */; };
		1E290CF822DB595B0011DA85 /* SF-Pro-Text-ThinItalic.otf in Resources */ = {isa = PBXBuildFile; fileRef = 1E290CCB22DB595B0011DA85 /* SF-Pro-Text-ThinItalic.otf */; };
		1E290CF922DB595B0011DA85 /* SF-Pro-Display-BlackItalic.otf in Resources */ = {isa = PBXBuildFile; fileRef = 1E290CCC22DB595B0011DA85 /* SF-Pro-Display-BlackItalic.otf */; };
		1E290CFA22DB595B0011DA85 /* SF-Pro-Display-Black.otf in Resources */ = {isa = PBXBuildFile; fileRef = 1E290CCD22DB595B0011DA85 /* SF-Pro-Display-Black.otf */; };
		1E290CFB22DB595B0011DA85 /* SF-Pro-Rounded-Medium.otf in Resources */ = {isa = PBXBuildFile; fileRef = 1E290CCE22DB595B0011DA85 /* SF-Pro-Rounded-Medium.otf */; };
		1E290CFC22DB595B0011DA85 /* SF-Pro-Text-BoldItalic.otf in Resources */ = {isa = PBXBuildFile; fileRef = 1E290CCF22DB595B0011DA85 /* SF-Pro-Text-BoldItalic.otf */; };
		1E290CFD22DB595B0011DA85 /* SF-Pro-Text-RegularItalic.otf in Resources */ = {isa = PBXBuildFile; fileRef = 1E290CD022DB595B0011DA85 /* SF-Pro-Text-RegularItalic.otf */; };
		1E290CFE22DB595B0011DA85 /* SF-Pro-Text-Semibold.otf in Resources */ = {isa = PBXBuildFile; fileRef = 1E290CD122DB595B0011DA85 /* SF-Pro-Text-Semibold.otf */; };
		1E290CFF22DB595B0011DA85 /* SF-Pro-Text-HeavyItalic.otf in Resources */ = {isa = PBXBuildFile; fileRef = 1E290CD222DB595B0011DA85 /* SF-Pro-Text-HeavyItalic.otf */; };
		1E290D0022DB595B0011DA85 /* SF-Pro-Display-ThinItalic.otf in Resources */ = {isa = PBXBuildFile; fileRef = 1E290CD322DB595B0011DA85 /* SF-Pro-Display-ThinItalic.otf */; };
		1E290D0122DB595B0011DA85 /* SF-Pro-Text-LightItalic.otf in Resources */ = {isa = PBXBuildFile; fileRef = 1E290CD422DB595B0011DA85 /* SF-Pro-Text-LightItalic.otf */; };
		1E290D0222DB595B0011DA85 /* SF-Pro-Rounded-Ultralight.otf in Resources */ = {isa = PBXBuildFile; fileRef = 1E290CD522DB595B0011DA85 /* SF-Pro-Rounded-Ultralight.otf */; };
		1E290D0322DB595B0011DA85 /* SF-Pro-Text-Medium.otf in Resources */ = {isa = PBXBuildFile; fileRef = 1E290CD622DB595B0011DA85 /* SF-Pro-Text-Medium.otf */; };
		1E290D0422DB595B0011DA85 /* SF-Pro-Rounded-Heavy.otf in Resources */ = {isa = PBXBuildFile; fileRef = 1E290CD722DB595B0011DA85 /* SF-Pro-Rounded-Heavy.otf */; };
		1E290D0522DB595B0011DA85 /* SF-Pro-Display-BoldItalic.otf in Resources */ = {isa = PBXBuildFile; fileRef = 1E290CD822DB595B0011DA85 /* SF-Pro-Display-BoldItalic.otf */; };
		1E290D0622DB595B0011DA85 /* SF-Pro-Rounded-Bold.otf in Resources */ = {isa = PBXBuildFile; fileRef = 1E290CD922DB595B0011DA85 /* SF-Pro-Rounded-Bold.otf */; };
		1E290D0722DB595B0011DA85 /* SF-Pro-Text-SemiboldItalic.otf in Resources */ = {isa = PBXBuildFile; fileRef = 1E290CDA22DB595B0011DA85 /* SF-Pro-Text-SemiboldItalic.otf */; };
		C598A7BC22DC2BB5008FA203 /* TutorialViewController.swift in Sources */ = {isa = PBXBuildFile; fileRef = C598A7BB22DC2BB5008FA203 /* TutorialViewController.swift */; };
		C598A7C022DC2C09008FA203 /* Slide.swift in Sources */ = {isa = PBXBuildFile; fileRef = C598A7BF22DC2C09008FA203 /* Slide.swift */; };
		C598A7C222DC2C1B008FA203 /* SlideView.xib in Resources */ = {isa = PBXBuildFile; fileRef = C598A7C122DC2C1B008FA203 /* SlideView.xib */; };
		C598A7C422DC34E5008FA203 /* HomePageViewController.swift in Sources */ = {isa = PBXBuildFile; fileRef = C598A7C322DC34E5008FA203 /* HomePageViewController.swift */; };
		C598A7CC22DC797B008FA203 /* HomePage2ViewController.swift in Sources */ = {isa = PBXBuildFile; fileRef = C598A7CB22DC797B008FA203 /* HomePage2ViewController.swift */; };
		C598A7CE22DC7BC8008FA203 /* WelcomeViewController.swift in Sources */ = {isa = PBXBuildFile; fileRef = C598A7CD22DC7BC8008FA203 /* WelcomeViewController.swift */; };
		C598A7D022DD863A008FA203 /* RoomViewController.swift in Sources */ = {isa = PBXBuildFile; fileRef = C598A7CF22DD863A008FA203 /* RoomViewController.swift */; };
		C598A7D422DEC2E8008FA203 /* DanceFloorViewController.swift in Sources */ = {isa = PBXBuildFile; fileRef = C598A7D322DEC2E8008FA203 /* DanceFloorViewController.swift */; };
		C598A7D722DEC319008FA203 /* RoomView.xcdatamodeld in Sources */ = {isa = PBXBuildFile; fileRef = C598A7D522DEC319008FA203 /* RoomView.xcdatamodeld */; };
		C598A7DE22DEEDEE008FA203 /* Join_Create_Session.xcdatamodeld in Sources */ = {isa = PBXBuildFile; fileRef = C598A7DC22DEEDEE008FA203 /* Join_Create_Session.xcdatamodeld */; };
/* End PBXBuildFile section */

/* Begin PBXFileReference section */
		1E290C4F22DB55B80011DA85 /* StoryBoardDesu.app */ = {isa = PBXFileReference; explicitFileType = wrapper.application; includeInIndex = 0; path = StoryBoardDesu.app; sourceTree = BUILT_PRODUCTS_DIR; };
		1E290C5222DB55B80011DA85 /* AppDelegate.swift */ = {isa = PBXFileReference; lastKnownFileType = sourcecode.swift; path = AppDelegate.swift; sourceTree = "<group>"; };
		1E290C5422DB55B80011DA85 /* ViewController.swift */ = {isa = PBXFileReference; lastKnownFileType = sourcecode.swift; path = ViewController.swift; sourceTree = "<group>"; };
		1E290C5722DB55B80011DA85 /* Base */ = {isa = PBXFileReference; lastKnownFileType = file.storyboard; name = Base; path = Base.lproj/Main.storyboard; sourceTree = "<group>"; };
		1E290C5922DB55B90011DA85 /* Assets.xcassets */ = {isa = PBXFileReference; lastKnownFileType = folder.assetcatalog; path = Assets.xcassets; sourceTree = "<group>"; };
		1E290C5C22DB55B90011DA85 /* Base */ = {isa = PBXFileReference; lastKnownFileType = file.storyboard; name = Base; path = Base.lproj/LaunchScreen.storyboard; sourceTree = "<group>"; };
		1E290C5E22DB55B90011DA85 /* Info.plist */ = {isa = PBXFileReference; lastKnownFileType = text.plist.xml; path = Info.plist; sourceTree = "<group>"; };
		1E290C6522DB59490011DA85 /* SF-Compact-Rounded-Medium.otf */ = {isa = PBXFileReference; lastKnownFileType = file; path = "SF-Compact-Rounded-Medium.otf"; sourceTree = "<group>"; };
		1E290C6622DB59490011DA85 /* SF-Compact-Rounded-Heavy.otf */ = {isa = PBXFileReference; lastKnownFileType = file; path = "SF-Compact-Rounded-Heavy.otf"; sourceTree = "<group>"; };
		1E290C6722DB59490011DA85 /* SF-Compact-Text-Black.otf */ = {isa = PBXFileReference; lastKnownFileType = file; path = "SF-Compact-Text-Black.otf"; sourceTree = "<group>"; };
		1E290C6822DB59490011DA85 /* SF-Compact-Text-Semibold.otf */ = {isa = PBXFileReference; lastKnownFileType = file; path = "SF-Compact-Text-Semibold.otf"; sourceTree = "<group>"; };
		1E290C6922DB59490011DA85 /* SF-Compact-Display-Black.otf */ = {isa = PBXFileReference; lastKnownFileType = file; path = "SF-Compact-Display-Black.otf"; sourceTree = "<group>"; };
		1E290C6A22DB59490011DA85 /* SF-Compact-Text-UltralightItalic.otf */ = {isa = PBXFileReference; lastKnownFileType = file; path = "SF-Compact-Text-UltralightItalic.otf"; sourceTree = "<group>"; };
		1E290C6B22DB59490011DA85 /* SF-Compact-Display-Semibold.otf */ = {isa = PBXFileReference; lastKnownFileType = file; path = "SF-Compact-Display-Semibold.otf"; sourceTree = "<group>"; };
		1E290C6C22DB59490011DA85 /* SF-Compact-Display-Ultralight.otf */ = {isa = PBXFileReference; lastKnownFileType = file; path = "SF-Compact-Display-Ultralight.otf"; sourceTree = "<group>"; };
		1E290C6D22DB59490011DA85 /* SF-Compact-Text-Thin.otf */ = {isa = PBXFileReference; lastKnownFileType = file; path = "SF-Compact-Text-Thin.otf"; sourceTree = "<group>"; };
		1E290C6E22DB59490011DA85 /* SF-Compact-Text-RegularItalic.otf */ = {isa = PBXFileReference; lastKnownFileType = file; path = "SF-Compact-Text-RegularItalic.otf"; sourceTree = "<group>"; };
		1E290C6F22DB59490011DA85 /* SF-Compact-Display-Bold.otf */ = {isa = PBXFileReference; lastKnownFileType = file; path = "SF-Compact-Display-Bold.otf"; sourceTree = "<group>"; };
		1E290C7022DB59490011DA85 /* SF-Compact-Display-Thin.otf */ = {isa = PBXFileReference; lastKnownFileType = file; path = "SF-Compact-Display-Thin.otf"; sourceTree = "<group>"; };
		1E290C7122DB59490011DA85 /* SF-Compact-Rounded-Light.otf */ = {isa = PBXFileReference; lastKnownFileType = file; path = "SF-Compact-Rounded-Light.otf"; sourceTree = "<group>"; };
		1E290C7222DB59490011DA85 /* SF-Compact-Rounded-Regular.otf */ = {isa = PBXFileReference; lastKnownFileType = file; path = "SF-Compact-Rounded-Regular.otf"; sourceTree = "<group>"; };
		1E290C7322DB59490011DA85 /* SF-Compact-Rounded-Ultralight.otf */ = {isa = PBXFileReference; lastKnownFileType = file; path = "SF-Compact-Rounded-Ultralight.otf"; sourceTree = "<group>"; };
		1E290C7422DB59490011DA85 /* SF-Compact-Display-Regular.otf */ = {isa = PBXFileReference; lastKnownFileType = file; path = "SF-Compact-Display-Regular.otf"; sourceTree = "<group>"; };
		1E290C7522DB59490011DA85 /* SF-Compact-Text-Bold.otf */ = {isa = PBXFileReference; lastKnownFileType = file; path = "SF-Compact-Text-Bold.otf"; sourceTree = "<group>"; };
		1E290C7622DB59490011DA85 /* SF-Compact-Rounded-Semibold.otf */ = {isa = PBXFileReference; lastKnownFileType = file; path = "SF-Compact-Rounded-Semibold.otf"; sourceTree = "<group>"; };
		1E290C7722DB59490011DA85 /* SF-Compact-Text-BoldItalic.otf */ = {isa = PBXFileReference; lastKnownFileType = file; path = "SF-Compact-Text-BoldItalic.otf"; sourceTree = "<group>"; };
		1E290C7822DB59490011DA85 /* SF-Compact-Rounded-Black.otf */ = {isa = PBXFileReference; lastKnownFileType = file; path = "SF-Compact-Rounded-Black.otf"; sourceTree = "<group>"; };
		1E290C7922DB59490011DA85 /* SF-Compact-Display-Medium.otf */ = {isa = PBXFileReference; lastKnownFileType = file; path = "SF-Compact-Display-Medium.otf"; sourceTree = "<group>"; };
		1E290C7A22DB59490011DA85 /* SF-Compact-Text-Heavy.otf */ = {isa = PBXFileReference; lastKnownFileType = file; path = "SF-Compact-Text-Heavy.otf"; sourceTree = "<group>"; };
		1E290C7B22DB59490011DA85 /* SF-Compact-Text-ThinItalic.otf */ = {isa = PBXFileReference; lastKnownFileType = file; path = "SF-Compact-Text-ThinItalic.otf"; sourceTree = "<group>"; };
		1E290C7C22DB59490011DA85 /* SF-Compact-Rounded-Bold.otf */ = {isa = PBXFileReference; lastKnownFileType = file; path = "SF-Compact-Rounded-Bold.otf"; sourceTree = "<group>"; };
		1E290C7D22DB59490011DA85 /* SF-Compact-Display-Heavy.otf */ = {isa = PBXFileReference; lastKnownFileType = file; path = "SF-Compact-Display-Heavy.otf"; sourceTree = "<group>"; };
		1E290C7E22DB59490011DA85 /* SF-Compact-Rounded-Thin.otf */ = {isa = PBXFileReference; lastKnownFileType = file; path = "SF-Compact-Rounded-Thin.otf"; sourceTree = "<group>"; };
		1E290C7F22DB59490011DA85 /* SF-Compact-Text-LightItalic.otf */ = {isa = PBXFileReference; lastKnownFileType = file; path = "SF-Compact-Text-LightItalic.otf"; sourceTree = "<group>"; };
		1E290C8022DB59490011DA85 /* SF-Compact-Text-HeavyItalic.otf */ = {isa = PBXFileReference; lastKnownFileType = file; path = "SF-Compact-Text-HeavyItalic.otf"; sourceTree = "<group>"; };
		1E290C8122DB59490011DA85 /* SF-Compact-Text-MediumItalic.otf */ = {isa = PBXFileReference; lastKnownFileType = file; path = "SF-Compact-Text-MediumItalic.otf"; sourceTree = "<group>"; };
		1E290C8222DB59490011DA85 /* SF-Compact-Text-Ultralight.otf */ = {isa = PBXFileReference; lastKnownFileType = file; path = "SF-Compact-Text-Ultralight.otf"; sourceTree = "<group>"; };
		1E290C8322DB59490011DA85 /* SF-Compact-Text-BlackItalic.otf */ = {isa = PBXFileReference; lastKnownFileType = file; path = "SF-Compact-Text-BlackItalic.otf"; sourceTree = "<group>"; };
		1E290C8422DB59490011DA85 /* SF-Compact-Display-Light.otf */ = {isa = PBXFileReference; lastKnownFileType = file; path = "SF-Compact-Display-Light.otf"; sourceTree = "<group>"; };
		1E290C8522DB59490011DA85 /* SF-Compact-Text-Medium.otf */ = {isa = PBXFileReference; lastKnownFileType = file; path = "SF-Compact-Text-Medium.otf"; sourceTree = "<group>"; };
		1E290C8622DB59490011DA85 /* SF-Compact-Text-SemiboldItalic.otf */ = {isa = PBXFileReference; lastKnownFileType = file; path = "SF-Compact-Text-SemiboldItalic.otf"; sourceTree = "<group>"; };
		1E290C8722DB59490011DA85 /* SF-Compact-Text-Regular.otf */ = {isa = PBXFileReference; lastKnownFileType = file; path = "SF-Compact-Text-Regular.otf"; sourceTree = "<group>"; };
		1E290C8822DB59490011DA85 /* SF-Compact-Text-Light.otf */ = {isa = PBXFileReference; lastKnownFileType = file; path = "SF-Compact-Text-Light.otf"; sourceTree = "<group>"; };
		1E290CAE22DB595B0011DA85 /* SF-Pro-Display-Thin.otf */ = {isa = PBXFileReference; lastKnownFileType = file; path = "SF-Pro-Display-Thin.otf"; sourceTree = "<group>"; };
		1E290CAF22DB595B0011DA85 /* SF-Pro-Display-SemiboldItalic.otf */ = {isa = PBXFileReference; lastKnownFileType = file; path = "SF-Pro-Display-SemiboldItalic.otf"; sourceTree = "<group>"; };
		1E290CB022DB595B0011DA85 /* SF-Pro-Text-UltralightItalic.otf */ = {isa = PBXFileReference; lastKnownFileType = file; path = "SF-Pro-Text-UltralightItalic.otf"; sourceTree = "<group>"; };
		1E290CB122DB595B0011DA85 /* SF-Pro-Text-Heavy.otf */ = {isa = PBXFileReference; lastKnownFileType = file; path = "SF-Pro-Text-Heavy.otf"; sourceTree = "<group>"; };
		1E290CB222DB595B0011DA85 /* SF-Pro-Display-RegularItalic.otf */ = {isa = PBXFileReference; lastKnownFileType = file; path = "SF-Pro-Display-RegularItalic.otf"; sourceTree = "<group>"; };
		1E290CB322DB595B0011DA85 /* SF-Pro-Display-Light.otf */ = {isa = PBXFileReference; lastKnownFileType = file; path = "SF-Pro-Display-Light.otf"; sourceTree = "<group>"; };
		1E290CB422DB595B0011DA85 /* SF-Pro-Rounded-Semibold.otf */ = {isa = PBXFileReference; lastKnownFileType = file; path = "SF-Pro-Rounded-Semibold.otf"; sourceTree = "<group>"; };
		1E290CB522DB595B0011DA85 /* SF-Pro-Display-Regular.otf */ = {isa = PBXFileReference; lastKnownFileType = file; path = "SF-Pro-Display-Regular.otf"; sourceTree = "<group>"; };
		1E290CB622DB595B0011DA85 /* SF-Pro-Text-MediumItalic.otf */ = {isa = PBXFileReference; lastKnownFileType = file; path = "SF-Pro-Text-MediumItalic.otf"; sourceTree = "<group>"; };
		1E290CB722DB595B0011DA85 /* SF-Pro-Display-Bold.otf */ = {isa = PBXFileReference; lastKnownFileType = file; path = "SF-Pro-Display-Bold.otf"; sourceTree = "<group>"; };
		1E290CB822DB595B0011DA85 /* SF-Pro-Rounded-Regular.otf */ = {isa = PBXFileReference; lastKnownFileType = file; path = "SF-Pro-Rounded-Regular.otf"; sourceTree = "<group>"; };
		1E290CB922DB595B0011DA85 /* SF-Pro-Display-Medium.otf */ = {isa = PBXFileReference; lastKnownFileType = file; path = "SF-Pro-Display-Medium.otf"; sourceTree = "<group>"; };
		1E290CBA22DB595B0011DA85 /* SF-Pro-Display-Heavy.otf */ = {isa = PBXFileReference; lastKnownFileType = file; path = "SF-Pro-Display-Heavy.otf"; sourceTree = "<group>"; };
		1E290CBB22DB595B0011DA85 /* SF-Pro-Text-Light.otf */ = {isa = PBXFileReference; lastKnownFileType = file; path = "SF-Pro-Text-Light.otf"; sourceTree = "<group>"; };
		1E290CBC22DB595B0011DA85 /* SF-Pro-Rounded-Black.otf */ = {isa = PBXFileReference; lastKnownFileType = file; path = "SF-Pro-Rounded-Black.otf"; sourceTree = "<group>"; };
		1E290CBD22DB595B0011DA85 /* SF-Pro-Display-Semibold.otf */ = {isa = PBXFileReference; lastKnownFileType = file; path = "SF-Pro-Display-Semibold.otf"; sourceTree = "<group>"; };
		1E290CBE22DB595B0011DA85 /* SF-Pro-Text-BlackItalic.otf */ = {isa = PBXFileReference; lastKnownFileType = file; path = "SF-Pro-Text-BlackItalic.otf"; sourceTree = "<group>"; };
		1E290CBF22DB595B0011DA85 /* SF-Pro-Text-Black.otf */ = {isa = PBXFileReference; lastKnownFileType = file; path = "SF-Pro-Text-Black.otf"; sourceTree = "<group>"; };
		1E290CC022DB595B0011DA85 /* SF-Pro-Rounded-Light.otf */ = {isa = PBXFileReference; lastKnownFileType = file; path = "SF-Pro-Rounded-Light.otf"; sourceTree = "<group>"; };
		1E290CC122DB595B0011DA85 /* SF-Pro-Text-Regular.otf */ = {isa = PBXFileReference; lastKnownFileType = file; path = "SF-Pro-Text-Regular.otf"; sourceTree = "<group>"; };
		1E290CC222DB595B0011DA85 /* SF-Pro-Text-Ultralight.otf */ = {isa = PBXFileReference; lastKnownFileType = file; path = "SF-Pro-Text-Ultralight.otf"; sourceTree = "<group>"; };
		1E290CC322DB595B0011DA85 /* SF-Pro-Text-Bold.otf */ = {isa = PBXFileReference; lastKnownFileType = file; path = "SF-Pro-Text-Bold.otf"; sourceTree = "<group>"; };
		1E290CC422DB595B0011DA85 /* SF-Pro-Text-Thin.otf */ = {isa = PBXFileReference; lastKnownFileType = file; path = "SF-Pro-Text-Thin.otf"; sourceTree = "<group>"; };
		1E290CC522DB595B0011DA85 /* SF-Pro-Display-MediumItalic.otf */ = {isa = PBXFileReference; lastKnownFileType = file; path = "SF-Pro-Display-MediumItalic.otf"; sourceTree = "<group>"; };
		1E290CC622DB595B0011DA85 /* SF-Pro-Display-HeavyItalic.otf */ = {isa = PBXFileReference; lastKnownFileType = file; path = "SF-Pro-Display-HeavyItalic.otf"; sourceTree = "<group>"; };
		1E290CC722DB595B0011DA85 /* SF-Pro-Display-Ultralight.otf */ = {isa = PBXFileReference; lastKnownFileType = file; path = "SF-Pro-Display-Ultralight.otf"; sourceTree = "<group>"; };
		1E290CC822DB595B0011DA85 /* SF-Pro-Display-UltralightItalic.otf */ = {isa = PBXFileReference; lastKnownFileType = file; path = "SF-Pro-Display-UltralightItalic.otf"; sourceTree = "<group>"; };
		1E290CC922DB595B0011DA85 /* SF-Pro-Display-LightItalic.otf */ = {isa = PBXFileReference; lastKnownFileType = file; path = "SF-Pro-Display-LightItalic.otf"; sourceTree = "<group>"; };
		1E290CCA22DB595B0011DA85 /* SF-Pro-Rounded-Thin.otf */ = {isa = PBXFileReference; lastKnownFileType = file; path = "SF-Pro-Rounded-Thin.otf"; sourceTree = "<group>"; };
		1E290CCB22DB595B0011DA85 /* SF-Pro-Text-ThinItalic.otf */ = {isa = PBXFileReference; lastKnownFileType = file; path = "SF-Pro-Text-ThinItalic.otf"; sourceTree = "<group>"; };
		1E290CCC22DB595B0011DA85 /* SF-Pro-Display-BlackItalic.otf */ = {isa = PBXFileReference; lastKnownFileType = file; path = "SF-Pro-Display-BlackItalic.otf"; sourceTree = "<group>"; };
		1E290CCD22DB595B0011DA85 /* SF-Pro-Display-Black.otf */ = {isa = PBXFileReference; lastKnownFileType = file; path = "SF-Pro-Display-Black.otf"; sourceTree = "<group>"; };
		1E290CCE22DB595B0011DA85 /* SF-Pro-Rounded-Medium.otf */ = {isa = PBXFileReference; lastKnownFileType = file; path = "SF-Pro-Rounded-Medium.otf"; sourceTree = "<group>"; };
		1E290CCF22DB595B0011DA85 /* SF-Pro-Text-BoldItalic.otf */ = {isa = PBXFileReference; lastKnownFileType = file; path = "SF-Pro-Text-BoldItalic.otf"; sourceTree = "<group>"; };
		1E290CD022DB595B0011DA85 /* SF-Pro-Text-RegularItalic.otf */ = {isa = PBXFileReference; lastKnownFileType = file; path = "SF-Pro-Text-RegularItalic.otf"; sourceTree = "<group>"; };
		1E290CD122DB595B0011DA85 /* SF-Pro-Text-Semibold.otf */ = {isa = PBXFileReference; lastKnownFileType = file; path = "SF-Pro-Text-Semibold.otf"; sourceTree = "<group>"; };
		1E290CD222DB595B0011DA85 /* SF-Pro-Text-HeavyItalic.otf */ = {isa = PBXFileReference; lastKnownFileType = file; path = "SF-Pro-Text-HeavyItalic.otf"; sourceTree = "<group>"; };
		1E290CD322DB595B0011DA85 /* SF-Pro-Display-ThinItalic.otf */ = {isa = PBXFileReference; lastKnownFileType = file; path = "SF-Pro-Display-ThinItalic.otf"; sourceTree = "<group>"; };
		1E290CD422DB595B0011DA85 /* SF-Pro-Text-LightItalic.otf */ = {isa = PBXFileReference; lastKnownFileType = file; path = "SF-Pro-Text-LightItalic.otf"; sourceTree = "<group>"; };
		1E290CD522DB595B0011DA85 /* SF-Pro-Rounded-Ultralight.otf */ = {isa = PBXFileReference; lastKnownFileType = file; path = "SF-Pro-Rounded-Ultralight.otf"; sourceTree = "<group>"; };
		1E290CD622DB595B0011DA85 /* SF-Pro-Text-Medium.otf */ = {isa = PBXFileReference; lastKnownFileType = file; path = "SF-Pro-Text-Medium.otf"; sourceTree = "<group>"; };
		1E290CD722DB595B0011DA85 /* SF-Pro-Rounded-Heavy.otf */ = {isa = PBXFileReference; lastKnownFileType = file; path = "SF-Pro-Rounded-Heavy.otf"; sourceTree = "<group>"; };
		1E290CD822DB595B0011DA85 /* SF-Pro-Display-BoldItalic.otf */ = {isa = PBXFileReference; lastKnownFileType = file; path = "SF-Pro-Display-BoldItalic.otf"; sourceTree = "<group>"; };
		1E290CD922DB595B0011DA85 /* SF-Pro-Rounded-Bold.otf */ = {isa = PBXFileReference; lastKnownFileType = file; path = "SF-Pro-Rounded-Bold.otf"; sourceTree = "<group>"; };
		1E290CDA22DB595B0011DA85 /* SF-Pro-Text-SemiboldItalic.otf */ = {isa = PBXFileReference; lastKnownFileType = file; path = "SF-Pro-Text-SemiboldItalic.otf"; sourceTree = "<group>"; };
		C598A7BB22DC2BB5008FA203 /* TutorialViewController.swift */ = {isa = PBXFileReference; lastKnownFileType = sourcecode.swift; path = TutorialViewController.swift; sourceTree = "<group>"; };
		C598A7BF22DC2C09008FA203 /* Slide.swift */ = {isa = PBXFileReference; fileEncoding = 4; lastKnownFileType = sourcecode.swift; name = Slide.swift; path = "../../ShowTime-master/ShowTime/Slide.swift"; sourceTree = "<group>"; };
		C598A7C122DC2C1B008FA203 /* SlideView.xib */ = {isa = PBXFileReference; fileEncoding = 4; lastKnownFileType = file.xib; name = SlideView.xib; path = "../../ShowTime-master/ShowTime/SlideView.xib"; sourceTree = "<group>"; };
		C598A7C322DC34E5008FA203 /* HomePageViewController.swift */ = {isa = PBXFileReference; fileEncoding = 4; lastKnownFileType = sourcecode.swift; name = HomePageViewController.swift; path = "../../ShowTime-master/ShowTime/HomePageViewController.swift"; sourceTree = "<group>"; };
		C598A7CB22DC797B008FA203 /* HomePage2ViewController.swift */ = {isa = PBXFileReference; lastKnownFileType = sourcecode.swift; path = HomePage2ViewController.swift; sourceTree = "<group>"; };
		C598A7CD22DC7BC8008FA203 /* WelcomeViewController.swift */ = {isa = PBXFileReference; lastKnownFileType = sourcecode.swift; path = WelcomeViewController.swift; sourceTree = "<group>"; };
		C598A7CF22DD863A008FA203 /* RoomViewController.swift */ = {isa = PBXFileReference; lastKnownFileType = sourcecode.swift; path = RoomViewController.swift; sourceTree = "<group>"; };
		C598A7D322DEC2E8008FA203 /* DanceFloorViewController.swift */ = {isa = PBXFileReference; lastKnownFileType = sourcecode.swift; path = DanceFloorViewController.swift; sourceTree = "<group>"; };
		C598A7D622DEC319008FA203 /* RoomView.xcdatamodel */ = {isa = PBXFileReference; lastKnownFileType = wrapper.xcdatamodel; path = RoomView.xcdatamodel; sourceTree = "<group>"; };
		C598A7DD22DEEDEE008FA203 /* Join_Create_Session.xcdatamodel */ = {isa = PBXFileReference; lastKnownFileType = wrapper.xcdatamodel; path = Join_Create_Session.xcdatamodel; sourceTree = "<group>"; };
/* End PBXFileReference section */

/* Begin PBXFrameworksBuildPhase section */
		1E290C4C22DB55B80011DA85 /* Frameworks */ = {
			isa = PBXFrameworksBuildPhase;
			buildActionMask = 2147483647;
			files = (
			);
			runOnlyForDeploymentPostprocessing = 0;
		};
/* End PBXFrameworksBuildPhase section */

/* Begin PBXGroup section */
		1E290C4622DB55B80011DA85 = {
			isa = PBXGroup;
			children = (
				1E290C5122DB55B80011DA85 /* StoryBoardDesu */,
				1E290C5022DB55B80011DA85 /* Products */,
				1E290CAD22DB595B0011DA85 /* San Francisco Pro */,
				1E290C6422DB59490011DA85 /* San Francisco Compact */,
			);
			sourceTree = "<group>";
		};
		1E290C5022DB55B80011DA85 /* Products */ = {
			isa = PBXGroup;
			children = (
				1E290C4F22DB55B80011DA85 /* StoryBoardDesu.app */,
			);
			name = Products;
			sourceTree = "<group>";
		};
		1E290C5122DB55B80011DA85 /* StoryBoardDesu */ = {
			isa = PBXGroup;
			children = (
				1E290C5222DB55B80011DA85 /* AppDelegate.swift */,
				1E290C5422DB55B80011DA85 /* ViewController.swift */,
				C598A7CF22DD863A008FA203 /* RoomViewController.swift */,
				C598A7C122DC2C1B008FA203 /* SlideView.xib */,
				C598A7C322DC34E5008FA203 /* HomePageViewController.swift */,
				C598A7BF22DC2C09008FA203 /* Slide.swift */,
				1E290C5622DB55B80011DA85 /* Main.storyboard */,
				C598A7CD22DC7BC8008FA203 /* WelcomeViewController.swift */,
				C598A7CB22DC797B008FA203 /* HomePage2ViewController.swift */,
				C598A7D322DEC2E8008FA203 /* DanceFloorViewController.swift */,
				C598A7BB22DC2BB5008FA203 /* TutorialViewController.swift */,
				1E290C5922DB55B90011DA85 /* Assets.xcassets */,
				1E290C5B22DB55B90011DA85 /* LaunchScreen.storyboard */,
				1E290C5E22DB55B90011DA85 /* Info.plist */,
				C598A7D522DEC319008FA203 /* RoomView.xcdatamodeld */,
				C598A7DC22DEEDEE008FA203 /* Join_Create_Session.xcdatamodeld */,
			);
			path = StoryBoardDesu;
			sourceTree = "<group>";
		};
		1E290C6422DB59490011DA85 /* San Francisco Compact */ = {
			isa = PBXGroup;
			children = (
				1E290C6522DB59490011DA85 /* SF-Compact-Rounded-Medium.otf */,
				1E290C6622DB59490011DA85 /* SF-Compact-Rounded-Heavy.otf */,
				1E290C6722DB59490011DA85 /* SF-Compact-Text-Black.otf */,
				1E290C6822DB59490011DA85 /* SF-Compact-Text-Semibold.otf */,
				1E290C6922DB59490011DA85 /* SF-Compact-Display-Black.otf */,
				1E290C6A22DB59490011DA85 /* SF-Compact-Text-UltralightItalic.otf */,
				1E290C6B22DB59490011DA85 /* SF-Compact-Display-Semibold.otf */,
				1E290C6C22DB59490011DA85 /* SF-Compact-Display-Ultralight.otf */,
				1E290C6D22DB59490011DA85 /* SF-Compact-Text-Thin.otf */,
				1E290C6E22DB59490011DA85 /* SF-Compact-Text-RegularItalic.otf */,
				1E290C6F22DB59490011DA85 /* SF-Compact-Display-Bold.otf */,
				1E290C7022DB59490011DA85 /* SF-Compact-Display-Thin.otf */,
				1E290C7122DB59490011DA85 /* SF-Compact-Rounded-Light.otf */,
				1E290C7222DB59490011DA85 /* SF-Compact-Rounded-Regular.otf */,
				1E290C7322DB59490011DA85 /* SF-Compact-Rounded-Ultralight.otf */,
				1E290C7422DB59490011DA85 /* SF-Compact-Display-Regular.otf */,
				1E290C7522DB59490011DA85 /* SF-Compact-Text-Bold.otf */,
				1E290C7622DB59490011DA85 /* SF-Compact-Rounded-Semibold.otf */,
				1E290C7722DB59490011DA85 /* SF-Compact-Text-BoldItalic.otf */,
				1E290C7822DB59490011DA85 /* SF-Compact-Rounded-Black.otf */,
				1E290C7922DB59490011DA85 /* SF-Compact-Display-Medium.otf */,
				1E290C7A22DB59490011DA85 /* SF-Compact-Text-Heavy.otf */,
				1E290C7B22DB59490011DA85 /* SF-Compact-Text-ThinItalic.otf */,
				1E290C7C22DB59490011DA85 /* SF-Compact-Rounded-Bold.otf */,
				1E290C7D22DB59490011DA85 /* SF-Compact-Display-Heavy.otf */,
				1E290C7E22DB59490011DA85 /* SF-Compact-Rounded-Thin.otf */,
				1E290C7F22DB59490011DA85 /* SF-Compact-Text-LightItalic.otf */,
				1E290C8022DB59490011DA85 /* SF-Compact-Text-HeavyItalic.otf */,
				1E290C8122DB59490011DA85 /* SF-Compact-Text-MediumItalic.otf */,
				1E290C8222DB59490011DA85 /* SF-Compact-Text-Ultralight.otf */,
				1E290C8322DB59490011DA85 /* SF-Compact-Text-BlackItalic.otf */,
				1E290C8422DB59490011DA85 /* SF-Compact-Display-Light.otf */,
				1E290C8522DB59490011DA85 /* SF-Compact-Text-Medium.otf */,
				1E290C8622DB59490011DA85 /* SF-Compact-Text-SemiboldItalic.otf */,
				1E290C8722DB59490011DA85 /* SF-Compact-Text-Regular.otf */,
				1E290C8822DB59490011DA85 /* SF-Compact-Text-Light.otf */,
			);
			path = "San Francisco Compact";
			sourceTree = "<group>";
		};
		1E290CAD22DB595B0011DA85 /* San Francisco Pro */ = {
			isa = PBXGroup;
			children = (
				1E290CAE22DB595B0011DA85 /* SF-Pro-Display-Thin.otf */,
				1E290CAF22DB595B0011DA85 /* SF-Pro-Display-SemiboldItalic.otf */,
				1E290CB022DB595B0011DA85 /* SF-Pro-Text-UltralightItalic.otf */,
				1E290CB122DB595B0011DA85 /* SF-Pro-Text-Heavy.otf */,
				1E290CB222DB595B0011DA85 /* SF-Pro-Display-RegularItalic.otf */,
				1E290CB322DB595B0011DA85 /* SF-Pro-Display-Light.otf */,
				1E290CB422DB595B0011DA85 /* SF-Pro-Rounded-Semibold.otf */,
				1E290CB522DB595B0011DA85 /* SF-Pro-Display-Regular.otf */,
				1E290CB622DB595B0011DA85 /* SF-Pro-Text-MediumItalic.otf */,
				1E290CB722DB595B0011DA85 /* SF-Pro-Display-Bold.otf */,
				1E290CB822DB595B0011DA85 /* SF-Pro-Rounded-Regular.otf */,
				1E290CB922DB595B0011DA85 /* SF-Pro-Display-Medium.otf */,
				1E290CBA22DB595B0011DA85 /* SF-Pro-Display-Heavy.otf */,
				1E290CBB22DB595B0011DA85 /* SF-Pro-Text-Light.otf */,
				1E290CBC22DB595B0011DA85 /* SF-Pro-Rounded-Black.otf */,
				1E290CBD22DB595B0011DA85 /* SF-Pro-Display-Semibold.otf */,
				1E290CBE22DB595B0011DA85 /* SF-Pro-Text-BlackItalic.otf */,
				1E290CBF22DB595B0011DA85 /* SF-Pro-Text-Black.otf */,
				1E290CC022DB595B0011DA85 /* SF-Pro-Rounded-Light.otf */,
				1E290CC122DB595B0011DA85 /* SF-Pro-Text-Regular.otf */,
				1E290CC222DB595B0011DA85 /* SF-Pro-Text-Ultralight.otf */,
				1E290CC322DB595B0011DA85 /* SF-Pro-Text-Bold.otf */,
				1E290CC422DB595B0011DA85 /* SF-Pro-Text-Thin.otf */,
				1E290CC522DB595B0011DA85 /* SF-Pro-Display-MediumItalic.otf */,
				1E290CC622DB595B0011DA85 /* SF-Pro-Display-HeavyItalic.otf */,
				1E290CC722DB595B0011DA85 /* SF-Pro-Display-Ultralight.otf */,
				1E290CC822DB595B0011DA85 /* SF-Pro-Display-UltralightItalic.otf */,
				1E290CC922DB595B0011DA85 /* SF-Pro-Display-LightItalic.otf */,
				1E290CCA22DB595B0011DA85 /* SF-Pro-Rounded-Thin.otf */,
				1E290CCB22DB595B0011DA85 /* SF-Pro-Text-ThinItalic.otf */,
				1E290CCC22DB595B0011DA85 /* SF-Pro-Display-BlackItalic.otf */,
				1E290CCD22DB595B0011DA85 /* SF-Pro-Display-Black.otf */,
				1E290CCE22DB595B0011DA85 /* SF-Pro-Rounded-Medium.otf */,
				1E290CCF22DB595B0011DA85 /* SF-Pro-Text-BoldItalic.otf */,
				1E290CD022DB595B0011DA85 /* SF-Pro-Text-RegularItalic.otf */,
				1E290CD122DB595B0011DA85 /* SF-Pro-Text-Semibold.otf */,
				1E290CD222DB595B0011DA85 /* SF-Pro-Text-HeavyItalic.otf */,
				1E290CD322DB595B0011DA85 /* SF-Pro-Display-ThinItalic.otf */,
				1E290CD422DB595B0011DA85 /* SF-Pro-Text-LightItalic.otf */,
				1E290CD522DB595B0011DA85 /* SF-Pro-Rounded-Ultralight.otf */,
				1E290CD622DB595B0011DA85 /* SF-Pro-Text-Medium.otf */,
				1E290CD722DB595B0011DA85 /* SF-Pro-Rounded-Heavy.otf */,
				1E290CD822DB595B0011DA85 /* SF-Pro-Display-BoldItalic.otf */,
				1E290CD922DB595B0011DA85 /* SF-Pro-Rounded-Bold.otf */,
				1E290CDA22DB595B0011DA85 /* SF-Pro-Text-SemiboldItalic.otf */,
			);
			path = "San Francisco Pro";
			sourceTree = "<group>";
		};
/* End PBXGroup section */

/* Begin PBXNativeTarget section */
		1E290C4E22DB55B80011DA85 /* StoryBoardDesu */ = {
			isa = PBXNativeTarget;
			buildConfigurationList = 1E290C6122DB55B90011DA85 /* Build configuration list for PBXNativeTarget "StoryBoardDesu" */;
			buildPhases = (
				1E290C4B22DB55B80011DA85 /* Sources */,
				1E290C4C22DB55B80011DA85 /* Frameworks */,
				1E290C4D22DB55B80011DA85 /* Resources */,
			);
			buildRules = (
			);
			dependencies = (
			);
			name = StoryBoardDesu;
			productName = StoryBoardDesu;
			productReference = 1E290C4F22DB55B80011DA85 /* StoryBoardDesu.app */;
			productType = "com.apple.product-type.application";
		};
/* End PBXNativeTarget section */

/* Begin PBXProject section */
		1E290C4722DB55B80011DA85 /* Project object */ = {
			isa = PBXProject;
			attributes = {
				LastSwiftUpdateCheck = 1020;
				LastUpgradeCheck = 1020;
				ORGANIZATIONNAME = Vivien;
				TargetAttributes = {
					1E290C4E22DB55B80011DA85 = {
						CreatedOnToolsVersion = 10.2.1;
					};
				};
			};
			buildConfigurationList = 1E290C4A22DB55B80011DA85 /* Build configuration list for PBXProject "StoryBoardDesu" */;
			compatibilityVersion = "Xcode 9.3";
			developmentRegion = en;
			hasScannedForEncodings = 0;
			knownRegions = (
				en,
				Base,
			);
			mainGroup = 1E290C4622DB55B80011DA85;
			productRefGroup = 1E290C5022DB55B80011DA85 /* Products */;
			projectDirPath = "";
			projectRoot = "";
			targets = (
				1E290C4E22DB55B80011DA85 /* StoryBoardDesu */,
			);
		};
/* End PBXProject section */

/* Begin PBXResourcesBuildPhase section */
		1E290C4D22DB55B80011DA85 /* Resources */ = {
			isa = PBXResourcesBuildPhase;
			buildActionMask = 2147483647;
			files = (
				1E290CE322DB595B0011DA85 /* SF-Pro-Text-MediumItalic.otf in Resources */,
				1E290CF022DB595B0011DA85 /* SF-Pro-Text-Bold.otf in Resources */,
				1E290CED22DB595B0011DA85 /* SF-Pro-Rounded-Light.otf in Resources */,
				C598A7C222DC2C1B008FA203 /* SlideView.xib in Resources */,
				1E290CF722DB595B0011DA85 /* SF-Pro-Rounded-Thin.otf in Resources */,
				1E290D0722DB595B0011DA85 /* SF-Pro-Text-SemiboldItalic.otf in Resources */,
				1E290CE522DB595B0011DA85 /* SF-Pro-Rounded-Regular.otf in Resources */,
				1E290CF222DB595B0011DA85 /* SF-Pro-Display-MediumItalic.otf in Resources */,
				1E290CDD22DB595B0011DA85 /* SF-Pro-Text-UltralightItalic.otf in Resources */,
				1E290CF822DB595B0011DA85 /* SF-Pro-Text-ThinItalic.otf in Resources */,
				1E290CEE22DB595B0011DA85 /* SF-Pro-Text-Regular.otf in Resources */,
				1E290CE122DB595B0011DA85 /* SF-Pro-Rounded-Semibold.otf in Resources */,
				1E290CDB22DB595B0011DA85 /* SF-Pro-Display-Thin.otf in Resources */,
				1E290CA022DB59490011DA85 /* SF-Compact-Rounded-Bold.otf in Resources */,
				1E290CA722DB59490011DA85 /* SF-Compact-Text-BlackItalic.otf in Resources */,
				1E290CE722DB595B0011DA85 /* SF-Pro-Display-Heavy.otf in Resources */,
				1E290CF422DB595B0011DA85 /* SF-Pro-Display-Ultralight.otf in Resources */,
				1E290D0622DB595B0011DA85 /* SF-Pro-Rounded-Bold.otf in Resources */,
				1E290CE922DB595B0011DA85 /* SF-Pro-Rounded-Black.otf in Resources */,
				1E290CA122DB59490011DA85 /* SF-Compact-Display-Heavy.otf in Resources */,
				1E290C8C22DB59490011DA85 /* SF-Compact-Text-Semibold.otf in Resources */,
				1E290CF322DB595B0011DA85 /* SF-Pro-Display-HeavyItalic.otf in Resources */,
				1E290C5D22DB55B90011DA85 /* LaunchScreen.storyboard in Resources */,
				1E290CA322DB59490011DA85 /* SF-Compact-Text-LightItalic.otf in Resources */,
				1E290CDF22DB595B0011DA85 /* SF-Pro-Display-RegularItalic.otf in Resources */,
				1E290D0522DB595B0011DA85 /* SF-Pro-Display-BoldItalic.otf in Resources */,
				1E290D0122DB595B0011DA85 /* SF-Pro-Text-LightItalic.otf in Resources */,
				1E290D0422DB595B0011DA85 /* SF-Pro-Rounded-Heavy.otf in Resources */,
				1E290CFD22DB595B0011DA85 /* SF-Pro-Text-RegularItalic.otf in Resources */,
				1E290CE422DB595B0011DA85 /* SF-Pro-Display-Bold.otf in Resources */,
				1E290C9F22DB59490011DA85 /* SF-Compact-Text-ThinItalic.otf in Resources */,
				1E290CDE22DB595B0011DA85 /* SF-Pro-Text-Heavy.otf in Resources */,
				1E290CEF22DB595B0011DA85 /* SF-Pro-Text-Ultralight.otf in Resources */,
				1E290CA822DB59490011DA85 /* SF-Compact-Display-Light.otf in Resources */,
				1E290CFB22DB595B0011DA85 /* SF-Pro-Rounded-Medium.otf in Resources */,
				1E290C9D22DB59490011DA85 /* SF-Compact-Display-Medium.otf in Resources */,
				1E290CFA22DB595B0011DA85 /* SF-Pro-Display-Black.otf in Resources */,
				1E290D0022DB595B0011DA85 /* SF-Pro-Display-ThinItalic.otf in Resources */,
				1E290C9722DB59490011DA85 /* SF-Compact-Rounded-Ultralight.otf in Resources */,
				1E290C9122DB59490011DA85 /* SF-Compact-Text-Thin.otf in Resources */,
				1E290C9522DB59490011DA85 /* SF-Compact-Rounded-Light.otf in Resources */,
				1E290C8B22DB59490011DA85 /* SF-Compact-Text-Black.otf in Resources */,
				1E290CE822DB595B0011DA85 /* SF-Pro-Text-Light.otf in Resources */,
				1E290C9C22DB59490011DA85 /* SF-Compact-Rounded-Black.otf in Resources */,
				1E290CAC22DB59490011DA85 /* SF-Compact-Text-Light.otf in Resources */,
				1E290C8922DB59490011DA85 /* SF-Compact-Rounded-Medium.otf in Resources */,
				1E290CEB22DB595B0011DA85 /* SF-Pro-Text-BlackItalic.otf in Resources */,
				1E290C9622DB59490011DA85 /* SF-Compact-Rounded-Regular.otf in Resources */,
				1E290CA622DB59490011DA85 /* SF-Compact-Text-Ultralight.otf in Resources */,
				1E290C9422DB59490011DA85 /* SF-Compact-Display-Thin.otf in Resources */,
				1E290CAB22DB59490011DA85 /* SF-Compact-Text-Regular.otf in Resources */,
				1E290CA422DB59490011DA85 /* SF-Compact-Text-HeavyItalic.otf in Resources */,
				1E290CDC22DB595B0011DA85 /* SF-Pro-Display-SemiboldItalic.otf in Resources */,
				1E290C9022DB59490011DA85 /* SF-Compact-Display-Ultralight.otf in Resources */,
				1E290CFF22DB595B0011DA85 /* SF-Pro-Text-HeavyItalic.otf in Resources */,
				1E290CAA22DB59490011DA85 /* SF-Compact-Text-SemiboldItalic.otf in Resources */,
				1E290C9322DB59490011DA85 /* SF-Compact-Display-Bold.otf in Resources */,
				1E290CF622DB595B0011DA85 /* SF-Pro-Display-LightItalic.otf in Resources */,
				1E290CEC22DB595B0011DA85 /* SF-Pro-Text-Black.otf in Resources */,
				1E290CE622DB595B0011DA85 /* SF-Pro-Display-Medium.otf in Resources */,
				1E290C9E22DB59490011DA85 /* SF-Compact-Text-Heavy.otf in Resources */,
				1E290CF122DB595B0011DA85 /* SF-Pro-Text-Thin.otf in Resources */,
				1E290C8F22DB59490011DA85 /* SF-Compact-Display-Semibold.otf in Resources */,
				1E290CE022DB595B0011DA85 /* SF-Pro-Display-Light.otf in Resources */,
				1E290CA522DB59490011DA85 /* SF-Compact-Text-MediumItalic.otf in Resources */,
				1E290D0222DB595B0011DA85 /* SF-Pro-Rounded-Ultralight.otf in Resources */,
				1E290CFE22DB595B0011DA85 /* SF-Pro-Text-Semibold.otf in Resources */,
				1E290CF522DB595B0011DA85 /* SF-Pro-Display-UltralightItalic.otf in Resources */,
				1E290CA222DB59490011DA85 /* SF-Compact-Rounded-Thin.otf in Resources */,
				1E290CEA22DB595B0011DA85 /* SF-Pro-Display-Semibold.otf in Resources */,
				1E290C9922DB59490011DA85 /* SF-Compact-Text-Bold.otf in Resources */,
				1E290CA922DB59490011DA85 /* SF-Compact-Text-Medium.otf in Resources */,
				1E290CE222DB595B0011DA85 /* SF-Pro-Display-Regular.otf in Resources */,
				1E290D0322DB595B0011DA85 /* SF-Pro-Text-Medium.otf in Resources */,
				1E290C5A22DB55B90011DA85 /* Assets.xcassets in Resources */,
				1E290C8E22DB59490011DA85 /* SF-Compact-Text-UltralightItalic.otf in Resources */,
				1E290C9A22DB59490011DA85 /* SF-Compact-Rounded-Semibold.otf in Resources */,
				1E290C8D22DB59490011DA85 /* SF-Compact-Display-Black.otf in Resources */,
				1E290C9222DB59490011DA85 /* SF-Compact-Text-RegularItalic.otf in Resources */,
				1E290CF922DB595B0011DA85 /* SF-Pro-Display-BlackItalic.otf in Resources */,
				1E290CFC22DB595B0011DA85 /* SF-Pro-Text-BoldItalic.otf in Resources */,
				1E290C9B22DB59490011DA85 /* SF-Compact-Text-BoldItalic.otf in Resources */,
				1E290C9822DB59490011DA85 /* SF-Compact-Display-Regular.otf in Resources */,
				1E290C8A22DB59490011DA85 /* SF-Compact-Rounded-Heavy.otf in Resources */,
				1E290C5822DB55B80011DA85 /* Main.storyboard in Resources */,
			);
			runOnlyForDeploymentPostprocessing = 0;
		};
/* End PBXResourcesBuildPhase section */

/* Begin PBXSourcesBuildPhase section */
		1E290C4B22DB55B80011DA85 /* Sources */ = {
			isa = PBXSourcesBuildPhase;
			buildActionMask = 2147483647;
			files = (
				1E290C5522DB55B80011DA85 /* ViewController.swift in Sources */,
				C598A7D422DEC2E8008FA203 /* DanceFloorViewController.swift in Sources */,
				C598A7CE22DC7BC8008FA203 /* WelcomeViewController.swift in Sources */,
				C598A7DE22DEEDEE008FA203 /* Join_Create_Session.xcdatamodeld in Sources */,
				C598A7BC22DC2BB5008FA203 /* TutorialViewController.swift in Sources */,
				C598A7D722DEC319008FA203 /* RoomView.xcdatamodeld in Sources */,
				C598A7CC22DC797B008FA203 /* HomePage2ViewController.swift in Sources */,
				1E290C5322DB55B80011DA85 /* AppDelegate.swift in Sources */,
				C598A7C422DC34E5008FA203 /* HomePageViewController.swift in Sources */,
				C598A7D022DD863A008FA203 /* RoomViewController.swift in Sources */,
				C598A7C022DC2C09008FA203 /* Slide.swift in Sources */,
			);
			runOnlyForDeploymentPostprocessing = 0;
		};
/* End PBXSourcesBuildPhase section */

/* Begin PBXVariantGroup section */
		1E290C5622DB55B80011DA85 /* Main.storyboard */ = {
			isa = PBXVariantGroup;
			children = (
				1E290C5722DB55B80011DA85 /* Base */,
			);
			name = Main.storyboard;
			sourceTree = "<group>";
		};
		1E290C5B22DB55B90011DA85 /* LaunchScreen.storyboard */ = {
			isa = PBXVariantGroup;
			children = (
				1E290C5C22DB55B90011DA85 /* Base */,
			);
			name = LaunchScreen.storyboard;
			sourceTree = "<group>";
		};
/* End PBXVariantGroup section */

/* Begin XCBuildConfiguration section */
		1E290C5F22DB55B90011DA85 /* Debug */ = {
			isa = XCBuildConfiguration;
			buildSettings = {
				ALWAYS_SEARCH_USER_PATHS = NO;
				CLANG_ANALYZER_NONNULL = YES;
				CLANG_ANALYZER_NUMBER_OBJECT_CONVERSION = YES_AGGRESSIVE;
				CLANG_CXX_LANGUAGE_STANDARD = "gnu++14";
				CLANG_CXX_LIBRARY = "libc++";
				CLANG_ENABLE_MODULES = YES;
				CLANG_ENABLE_OBJC_ARC = YES;
				CLANG_ENABLE_OBJC_WEAK = YES;
				CLANG_WARN_BLOCK_CAPTURE_AUTORELEASING = YES;
				CLANG_WARN_BOOL_CONVERSION = YES;
				CLANG_WARN_COMMA = YES;
				CLANG_WARN_CONSTANT_CONVERSION = YES;
				CLANG_WARN_DEPRECATED_OBJC_IMPLEMENTATIONS = YES;
				CLANG_WARN_DIRECT_OBJC_ISA_USAGE = YES_ERROR;
				CLANG_WARN_DOCUMENTATION_COMMENTS = YES;
				CLANG_WARN_EMPTY_BODY = YES;
				CLANG_WARN_ENUM_CONVERSION = YES;
				CLANG_WARN_INFINITE_RECURSION = YES;
				CLANG_WARN_INT_CONVERSION = YES;
				CLANG_WARN_NON_LITERAL_NULL_CONVERSION = YES;
				CLANG_WARN_OBJC_IMPLICIT_RETAIN_SELF = YES;
				CLANG_WARN_OBJC_LITERAL_CONVERSION = YES;
				CLANG_WARN_OBJC_ROOT_CLASS = YES_ERROR;
				CLANG_WARN_RANGE_LOOP_ANALYSIS = YES;
				CLANG_WARN_STRICT_PROTOTYPES = YES;
				CLANG_WARN_SUSPICIOUS_MOVE = YES;
				CLANG_WARN_UNGUARDED_AVAILABILITY = YES_AGGRESSIVE;
				CLANG_WARN_UNREACHABLE_CODE = YES;
				CLANG_WARN__DUPLICATE_METHOD_MATCH = YES;
				CODE_SIGN_IDENTITY = "iPhone Developer";
				COPY_PHASE_STRIP = NO;
				DEBUG_INFORMATION_FORMAT = dwarf;
				ENABLE_STRICT_OBJC_MSGSEND = YES;
				ENABLE_TESTABILITY = YES;
				GCC_C_LANGUAGE_STANDARD = gnu11;
				GCC_DYNAMIC_NO_PIC = NO;
				GCC_NO_COMMON_BLOCKS = YES;
				GCC_OPTIMIZATION_LEVEL = 0;
				GCC_PREPROCESSOR_DEFINITIONS = (
					"DEBUG=1",
					"$(inherited)",
				);
				GCC_WARN_64_TO_32_BIT_CONVERSION = YES;
				GCC_WARN_ABOUT_RETURN_TYPE = YES_ERROR;
				GCC_WARN_UNDECLARED_SELECTOR = YES;
				GCC_WARN_UNINITIALIZED_AUTOS = YES_AGGRESSIVE;
				GCC_WARN_UNUSED_FUNCTION = YES;
				GCC_WARN_UNUSED_VARIABLE = YES;
				IPHONEOS_DEPLOYMENT_TARGET = 12.2;
				MTL_ENABLE_DEBUG_INFO = INCLUDE_SOURCE;
				MTL_FAST_MATH = YES;
				ONLY_ACTIVE_ARCH = YES;
				SDKROOT = iphoneos;
				SWIFT_ACTIVE_COMPILATION_CONDITIONS = DEBUG;
				SWIFT_OPTIMIZATION_LEVEL = "-Onone";
			};
			name = Debug;
		};
		1E290C6022DB55B90011DA85 /* Release */ = {
			isa = XCBuildConfiguration;
			buildSettings = {
				ALWAYS_SEARCH_USER_PATHS = NO;
				CLANG_ANALYZER_NONNULL = YES;
				CLANG_ANALYZER_NUMBER_OBJECT_CONVERSION = YES_AGGRESSIVE;
				CLANG_CXX_LANGUAGE_STANDARD = "gnu++14";
				CLANG_CXX_LIBRARY = "libc++";
				CLANG_ENABLE_MODULES = YES;
				CLANG_ENABLE_OBJC_ARC = YES;
				CLANG_ENABLE_OBJC_WEAK = YES;
				CLANG_WARN_BLOCK_CAPTURE_AUTORELEASING = YES;
				CLANG_WARN_BOOL_CONVERSION = YES;
				CLANG_WARN_COMMA = YES;
				CLANG_WARN_CONSTANT_CONVERSION = YES;
				CLANG_WARN_DEPRECATED_OBJC_IMPLEMENTATIONS = YES;
				CLANG_WARN_DIRECT_OBJC_ISA_USAGE = YES_ERROR;
				CLANG_WARN_DOCUMENTATION_COMMENTS = YES;
				CLANG_WARN_EMPTY_BODY = YES;
				CLANG_WARN_ENUM_CONVERSION = YES;
				CLANG_WARN_INFINITE_RECURSION = YES;
				CLANG_WARN_INT_CONVERSION = YES;
				CLANG_WARN_NON_LITERAL_NULL_CONVERSION = YES;
				CLANG_WARN_OBJC_IMPLICIT_RETAIN_SELF = YES;
				CLANG_WARN_OBJC_LITERAL_CONVERSION = YES;
				CLANG_WARN_OBJC_ROOT_CLASS = YES_ERROR;
				CLANG_WARN_RANGE_LOOP_ANALYSIS = YES;
				CLANG_WARN_STRICT_PROTOTYPES = YES;
				CLANG_WARN_SUSPICIOUS_MOVE = YES;
				CLANG_WARN_UNGUARDED_AVAILABILITY = YES_AGGRESSIVE;
				CLANG_WARN_UNREACHABLE_CODE = YES;
				CLANG_WARN__DUPLICATE_METHOD_MATCH = YES;
				CODE_SIGN_IDENTITY = "iPhone Developer";
				COPY_PHASE_STRIP = NO;
				DEBUG_INFORMATION_FORMAT = "dwarf-with-dsym";
				ENABLE_NS_ASSERTIONS = NO;
				ENABLE_STRICT_OBJC_MSGSEND = YES;
				GCC_C_LANGUAGE_STANDARD = gnu11;
				GCC_NO_COMMON_BLOCKS = YES;
				GCC_WARN_64_TO_32_BIT_CONVERSION = YES;
				GCC_WARN_ABOUT_RETURN_TYPE = YES_ERROR;
				GCC_WARN_UNDECLARED_SELECTOR = YES;
				GCC_WARN_UNINITIALIZED_AUTOS = YES_AGGRESSIVE;
				GCC_WARN_UNUSED_FUNCTION = YES;
				GCC_WARN_UNUSED_VARIABLE = YES;
				IPHONEOS_DEPLOYMENT_TARGET = 12.2;
				MTL_ENABLE_DEBUG_INFO = NO;
				MTL_FAST_MATH = YES;
				SDKROOT = iphoneos;
				SWIFT_COMPILATION_MODE = wholemodule;
				SWIFT_OPTIMIZATION_LEVEL = "-O";
				VALIDATE_PRODUCT = YES;
			};
			name = Release;
		};
		1E290C6222DB55B90011DA85 /* Debug */ = {
			isa = XCBuildConfiguration;
			buildSettings = {
				ASSETCATALOG_COMPILER_APPICON_NAME = AppIcon;
				CODE_SIGN_STYLE = Automatic;
				DEVELOPMENT_TEAM = 6ZFS657T4Z;
				INFOPLIST_FILE = StoryBoardDesu/Info.plist;
				LD_RUNPATH_SEARCH_PATHS = (
					"$(inherited)",
					"@executable_path/Frameworks",
				);
				PRODUCT_BUNDLE_IDENTIFIER = com.vivienkosasih.StoryBoardDesu;
				PRODUCT_NAME = "$(TARGET_NAME)";
				SWIFT_VERSION = 5.0;
				TARGETED_DEVICE_FAMILY = "1,2";
			};
			name = Debug;
		};
		1E290C6322DB55B90011DA85 /* Release */ = {
			isa = XCBuildConfiguration;
			buildSettings = {
				ASSETCATALOG_COMPILER_APPICON_NAME = AppIcon;
				CODE_SIGN_STYLE = Automatic;
				DEVELOPMENT_TEAM = 6ZFS657T4Z;
				INFOPLIST_FILE = StoryBoardDesu/Info.plist;
				LD_RUNPATH_SEARCH_PATHS = (
					"$(inherited)",
					"@executable_path/Frameworks",
				);
				PRODUCT_BUNDLE_IDENTIFIER = com.vivienkosasih.StoryBoardDesu;
				PRODUCT_NAME = "$(TARGET_NAME)";
				SWIFT_VERSION = 5.0;
				TARGETED_DEVICE_FAMILY = "1,2";
			};
			name = Release;
		};
/* End XCBuildConfiguration section */

/* Begin XCConfigurationList section */
		1E290C4A22DB55B80011DA85 /* Build configuration list for PBXProject "StoryBoardDesu" */ = {
			isa = XCConfigurationList;
			buildConfigurations = (
				1E290C5F22DB55B90011DA85 /* Debug */,
				1E290C6022DB55B90011DA85 /* Release */,
			);
			defaultConfigurationIsVisible = 0;
			defaultConfigurationName = Release;
		};
		1E290C6122DB55B90011DA85 /* Build configuration list for PBXNativeTarget "StoryBoardDesu" */ = {
			isa = XCConfigurationList;
			buildConfigurations = (
				1E290C6222DB55B90011DA85 /* Debug */,
				1E290C6322DB55B90011DA85 /* Release */,
			);
			defaultConfigurationIsVisible = 0;
			defaultConfigurationName = Release;
		};
/* End XCConfigurationList section */

/* Begin XCVersionGroup section */
		C598A7D522DEC319008FA203 /* RoomView.xcdatamodeld */ = {
			isa = XCVersionGroup;
			children = (
				C598A7D622DEC319008FA203 /* RoomView.xcdatamodel */,
			);
			currentVersion = C598A7D622DEC319008FA203 /* RoomView.xcdatamodel */;
			name = RoomView.xcdatamodeld;
			path = ../../RoomView/RoomView/RoomView.xcdatamodeld;
			sourceTree = "<group>";
			versionGroupType = wrapper.xcdatamodel;
		};
		C598A7DC22DEEDEE008FA203 /* Join_Create_Session.xcdatamodeld */ = {
			isa = XCVersionGroup;
			children = (
				C598A7DD22DEEDEE008FA203 /* Join_Create_Session.xcdatamodel */,
			);
			currentVersion = C598A7DD22DEEDEE008FA203 /* Join_Create_Session.xcdatamodel */;
			name = Join_Create_Session.xcdatamodeld;
			path = "../../Join Create Session/Join Create Session/Join_Create_Session.xcdatamodeld";
			sourceTree = "<group>";
			versionGroupType = wrapper.xcdatamodel;
		};
/* End XCVersionGroup section */
	};
	rootObject = 1E290C4722DB55B80011DA85 /* Project object */;
}
